
Microsoft Visual Studio Solution File, Format Version 12.00
# Visual Studio 2012
Project("{9092AA53-FB77-4645-B42D-1CCCA6BD08BD}") = "GW2Timer", "GW2Timer.njsproj", "{A9BF2E6D-F087-4088-BED6-7D5C834F32B3}"
EndProject
Global
	GlobalSection(SolutionConfigurationPlatforms) = preSolution
		Debug|Any CPU = Debug|Any CPU
		Release|Any CPU = Release|Any CPU
	EndGlobalSection
	GlobalSection(ProjectConfigurationPlatforms) = postSolution
		{A9BF2E6D-F087-4088-BED6-7D5C834F32B3}.Debug|Any CPU.ActiveCfg = Debug|Any CPU
		{A9BF2E6D-F087-4088-BED6-7D5C834F32B3}.Debug|Any CPU.Build.0 = Debug|Any CPU
		{A9BF2E6D-F087-4088-BED6-7D5C834F32B3}.Release|Any CPU.ActiveCfg = Release|Any CPU
		{A9BF2E6D-F087-4088-BED6-7D5C834F32B3}.Release|Any CPU.Build.0 = Release|Any CPU
	EndGlobalSection
	GlobalSection(SolutionProperties) = preSolution
		HideSolutionNode = FALSE
	EndGlobalSection
EndGlobal
